# This file is automatically @generated by Cargo.
# It is not intended for manual editing.
version = 3

[[package]]
name = "orml-build-script-utils"
version = "0.4.1-dev"
dependencies = [
 "platforms",
]

[[package]]
name = "platforms"
version = "1.1.0"
source = "registry+https://github.com/rust-lang/crates.io-index"
checksum = "989d43012e2ca1c4a02507c67282691a0a3207f9dc67cec596b43fe925b3d325"
